{
  "name": "node_resources",
  "requires": true,
  "lockfileVersion": 1,
  "dependencies": {
    "@applitools/dom-capture": {
      "version": "9.0.0",
      "resolved": "https://registry.npmjs.org/@applitools/dom-capture/-/dom-capture-9.0.0.tgz",
      "integrity": "sha512-1ha1vUlcxIbRLRfalN2l+wkhAp/mcAkmSpXRJK06XUeUftB2EjY+4SmL9xBO2z2Eis352zOVIU4V/QrBQPxNuQ==",
      "requires": {
        "@applitools/dom-shared": "1.0.4",
        "@applitools/functional-commons": "1.6.0"
      }
    },
    "@applitools/dom-shared": {
      "version": "1.0.4",
      "resolved": "https://registry.npmjs.org/@applitools/dom-shared/-/dom-shared-1.0.4.tgz",
      "integrity": "sha512-WRGko/7pJLwcDbQ5r0q2KD58VemIHm+JyKeXSflQhJvQqA5ONYyBX6cZo0h3o1SqdlzQnWM5REzoxoOpOGflzQ=="
    },
    "@applitools/dom-snapshot": {
      "version": "4.2.7",
      "resolved": "https://registry.npmjs.org/@applitools/dom-snapshot/-/dom-snapshot-4.2.7.tgz",
      "integrity": "sha512-4QAm6o8TeizVmprp84VdWSWDHIcMZptQa+n5JoyP9lAHvkpWuPH29v/EUwUwumrv0SVtQXVVOgtZsu4AH9pFOQ==",
      "requires": {
        "@applitools/dom-shared": "1.0.4",
        "@applitools/functional-commons": "1.6.0",
        "css-tree": "1.0.0-alpha.39",
        "pako": "1.0.11"
      }
    },
    "@applitools/functional-commons": {
      "version": "1.6.0",
      "resolved": "https://registry.npmjs.org/@applitools/functional-commons/-/functional-commons-1.6.0.tgz",
      "integrity": "sha512-fwiF0CbeYHDEOTD/NKaFgaI8LvRcGYG2GaJJiRwcedKko16sQ8F3TK5wXfj2Ytjf+8gjwHwsEEX550z3yvDWxA=="
    },
    "css-tree": {
      "version": "1.0.0-alpha.39",
      "resolved": "https://registry.npmjs.org/css-tree/-/css-tree-1.0.0-alpha.39.tgz",
      "integrity": "sha512-7UvkEYgBAHRG9Nt980lYxjsTrCyHFN53ky3wVsDkiMdVqylqRt+Zc+jm5qw7/qyOvN2dHSYtX0e4MbCCExSvnA==",
      "requires": {
        "mdn-data": "2.0.6",
        "source-map": "^0.6.1"
      }
    },
    "mdn-data": {
      "version": "2.0.6",
      "resolved": "https://registry.npmjs.org/mdn-data/-/mdn-data-2.0.6.tgz",
      "integrity": "sha512-rQvjv71olwNHgiTbfPZFkJtjNMciWgswYeciZhtvWLO8bmX3TnhyA62I6sTWOyZssWHJJjY6/KiWwqQsWWsqOA=="
    },
    "pako": {
      "version": "1.0.11",
      "resolved": "https://registry.npmjs.org/pako/-/pako-1.0.11.tgz",
      "integrity": "sha512-4hLB8Py4zZce5s4yd9XzopqwVv/yGNhV1Bl8NTmCq1763HeK2+EwVTv+leGeL13Dnh2wfbqowVPXCIO0z4taYw=="
    },
    "source-map": {
      "version": "0.6.1",
      "resolved": "https://registry.npmjs.org/source-map/-/source-map-0.6.1.tgz",
      "integrity": "sha512-UjgapumWlbMhkBgzT7Ykc5YXUT46F0iKu8SGXq0bcwP5dz/h0Plj6enJqjz1Zbq2l5WaqYnrVbwWOWMyF3F47g=="
    }
  }
}
