{
  "name": "node_resources",
  "requires": true,
  "lockfileVersion": 1,
  "dependencies": {
    "@applitools/dom-capture": {
      "version": "7.2.6",
      "resolved": "https://registry.npmjs.org/@applitools/dom-capture/-/dom-capture-7.2.6.tgz",
      "integrity": "sha512-3at+08vNQSMJGHXPbs5xolElatSH9k0bvMt2m5GTeuQr6zU7TDGNfHzfxU+kORQiwxr1x+vP1HKEpIgDE6qoXQ==",
      "requires": {
        "@applitools/functional-commons": "1.5.4"
      }
    },
    "@applitools/dom-snapshot": {
      "version": "4.0.5",
      "resolved": "https://registry.npmjs.org/@applitools/dom-snapshot/-/dom-snapshot-4.0.5.tgz",
      "integrity": "sha512-t/VrGr33pfs0eCvVd2b6e2mN1xL9lryorr4yaIDtaqCFwXrN22uZEIOSoTk3IQUC17SAEN4tnMitJjkoAOcJ7g==",
      "requires": {
        "@applitools/functional-commons": "1.6.0",
        "css-tree": "^1.0.0-alpha.39"
      },
      "dependencies": {
        "@applitools/functional-commons": {
          "version": "1.6.0",
          "resolved": "https://registry.npmjs.org/@applitools/functional-commons/-/functional-commons-1.6.0.tgz",
          "integrity": "sha512-fwiF0CbeYHDEOTD/NKaFgaI8LvRcGYG2GaJJiRwcedKko16sQ8F3TK5wXfj2Ytjf+8gjwHwsEEX550z3yvDWxA=="
        }
      }
    },
    "@applitools/functional-commons": {
      "version": "1.5.4",
      "resolved": "https://registry.npmjs.org/@applitools/functional-commons/-/functional-commons-1.5.4.tgz",
      "integrity": "sha512-R+p4fliS8j6YlZNSLgsx6cBpjlmZaec67v9PpophPW5vXnOJFVcELnoeO21AVG1kbHu0FeAk025xr99EUTppFw=="
    },
    "css-tree": {
      "version": "1.0.0-alpha.39",
      "resolved": "https://registry.npmjs.org/css-tree/-/css-tree-1.0.0-alpha.39.tgz",
      "integrity": "sha512-7UvkEYgBAHRG9Nt980lYxjsTrCyHFN53ky3wVsDkiMdVqylqRt+Zc+jm5qw7/qyOvN2dHSYtX0e4MbCCExSvnA==",
      "requires": {
        "mdn-data": "2.0.6",
        "source-map": "^0.6.1"
      }
    },
    "mdn-data": {
      "version": "2.0.6",
      "resolved": "https://registry.npmjs.org/mdn-data/-/mdn-data-2.0.6.tgz",
      "integrity": "sha512-rQvjv71olwNHgiTbfPZFkJtjNMciWgswYeciZhtvWLO8bmX3TnhyA62I6sTWOyZssWHJJjY6/KiWwqQsWWsqOA=="
    },
    "source-map": {
      "version": "0.6.1",
      "resolved": "https://registry.npmjs.org/source-map/-/source-map-0.6.1.tgz",
      "integrity": "sha512-UjgapumWlbMhkBgzT7Ykc5YXUT46F0iKu8SGXq0bcwP5dz/h0Plj6enJqjz1Zbq2l5WaqYnrVbwWOWMyF3F47g=="
    }
  }
}
